
Microsoft Visual Studio Solution File, Format Version 12.00
# Visual Studio Version 17
VisualStudioVersion = 17.14.36429.23
MinimumVisualStudioVersion = 10.0.40219.1
Project("{FAE04EC0-301F-11D3-BF4B-00C04F79EFBC}") = "PwdGenerator", "PwdGenerator\PwdGenerator.csproj", "{860305E1-F558-44F2-8DCB-CB27329C26A9}"
EndProject
Project("{FAE04EC0-301F-11D3-BF4B-00C04F79EFBC}") = "PwdGenerator.Tests", "PwdGenerator.Tests\PwdGenerator.Tests.csproj", "{387CC424-1B44-4D15-8DD3-EB445D903E26}"
EndProject
Project("{FAE04EC0-301F-11D3-BF4B-00C04F79EFBC}") = "PwdGenerator.Core", "PwdGenerator.Core\PwdGenerator.Core.csproj", "{D06EAEB5-98A8-4135-AF9C-27A52B681194}"
EndProject
Project("{FAE04EC0-301F-11D3-BF4B-00C04F79EFBC}") = "PwdGenerator.CLI", "PwdGenerator.CLI\PwdGenerator.CLI.csproj", "{9BF6380C-2DAB-4C2B-860E-1EC7A083804B}"
EndProject
Project("{2150E333-8FDC-42A3-9474-1A3956D46DE8}") = "Solution Items", "Solution Items", "{8EC462FD-D22E-90A8-E5CE-7E832BA40C5D}"
	ProjectSection(SolutionItems) = preProject
		README.md = README.md
	EndProjectSection
EndProject
Global
	GlobalSection(SolutionConfigurationPlatforms) = preSolution
		Debug|Any CPU = Debug|Any CPU
		Release|Any CPU = Release|Any CPU
	EndGlobalSection
	GlobalSection(ProjectConfigurationPlatforms) = postSolution
		{860305E1-F558-44F2-8DCB-CB27329C26A9}.Debug|Any CPU.ActiveCfg = Debug|Any CPU
		{860305E1-F558-44F2-8DCB-CB27329C26A9}.Debug|Any CPU.Build.0 = Debug|Any CPU
		{860305E1-F558-44F2-8DCB-CB27329C26A9}.Debug|Any CPU.Deploy.0 = Debug|Any CPU
		{860305E1-F558-44F2-8DCB-CB27329C26A9}.Release|Any CPU.ActiveCfg = Release|Any CPU
		{860305E1-F558-44F2-8DCB-CB27329C26A9}.Release|Any CPU.Build.0 = Release|Any CPU
		{387CC424-1B44-4D15-8DD3-EB445D903E26}.Debug|Any CPU.ActiveCfg = Debug|Any CPU
		{387CC424-1B44-4D15-8DD3-EB445D903E26}.Debug|Any CPU.Build.0 = Debug|Any CPU
		{387CC424-1B44-4D15-8DD3-EB445D903E26}.Release|Any CPU.ActiveCfg = Release|Any CPU
		{387CC424-1B44-4D15-8DD3-EB445D903E26}.Release|Any CPU.Build.0 = Release|Any CPU
		{D06EAEB5-98A8-4135-AF9C-27A52B681194}.Debug|Any CPU.ActiveCfg = Debug|Any CPU
		{D06EAEB5-98A8-4135-AF9C-27A52B681194}.Debug|Any CPU.Build.0 = Debug|Any CPU
		{D06EAEB5-98A8-4135-AF9C-27A52B681194}.Release|Any CPU.ActiveCfg = Release|Any CPU
		{D06EAEB5-98A8-4135-AF9C-27A52B681194}.Release|Any CPU.Build.0 = Release|Any CPU
		{9BF6380C-2DAB-4C2B-860E-1EC7A083804B}.Debug|Any CPU.ActiveCfg = Debug|Any CPU
		{9BF6380C-2DAB-4C2B-860E-1EC7A083804B}.Debug|Any CPU.Build.0 = Debug|Any CPU
		{9BF6380C-2DAB-4C2B-860E-1EC7A083804B}.Release|Any CPU.ActiveCfg = Release|Any CPU
		{9BF6380C-2DAB-4C2B-860E-1EC7A083804B}.Release|Any CPU.Build.0 = Release|Any CPU
	EndGlobalSection
	GlobalSection(SolutionProperties) = preSolution
		HideSolutionNode = FALSE
	EndGlobalSection
	GlobalSection(ExtensibilityGlobals) = postSolution
		SolutionGuid = {475E86F9-18C5-483F-9EE6-69C08732CDAD}
	EndGlobalSection
EndGlobal
